// !$*UTF8*$!
{
	archiveVersion = 1;
	classes = {
	};
	objectVersion = 51;
	objects = {

/* Begin PBXBuildFile section */
		BB07D029505451C82416621D /* Pods_popraviDefektWorkshop.framework in Frameworks */ = {isa = PBXBuildFile; fileRef = FF9F6C9B386BE2712F7D21EE /* Pods_popraviDefektWorkshop.framework */; };
		F4118DCD258527A400FCA766 /* AppDelegate.swift in Sources */ = {isa = PBXBuildFile; fileRef = F4118DCC258527A400FCA766 /* AppDelegate.swift */; };
		F4118DCF258527A400FCA766 /* ViewController.swift in Sources */ = {isa = PBXBuildFile; fileRef = F4118DCE258527A400FCA766 /* ViewController.swift */; };
		F4118DD2258527A400FCA766 /* Main.storyboard in Resources */ = {isa = PBXBuildFile; fileRef = F4118DD0258527A400FCA766 /* Main.storyboard */; };
		F4118DD4258527A900FCA766 /* Assets.xcassets in Resources */ = {isa = PBXBuildFile; fileRef = F4118DD3258527A900FCA766 /* Assets.xcassets */; };
		F4118DD7258527A900FCA766 /* LaunchScreen.storyboard in Resources */ = {isa = PBXBuildFile; fileRef = F4118DD5258527A900FCA766 /* LaunchScreen.storyboard */; };
		F4118DDF258671CF00FCA766 /* DefektViewController.swift in Sources */ = {isa = PBXBuildFile; fileRef = F4118DDE258671CF00FCA766 /* DefektViewController.swift */; };
/* End PBXBuildFile section */

/* Begin PBXFileReference section */
		8BBC5B697CB3D9386423BC81 /* Pods-popraviDefektWorkshop.debug.xcconfig */ = {isa = PBXFileReference; includeInIndex = 1; lastKnownFileType = text.xcconfig; name = "Pods-popraviDefektWorkshop.debug.xcconfig"; path = "Target Support Files/Pods-popraviDefektWorkshop/Pods-popraviDefektWorkshop.debug.xcconfig"; sourceTree = "<group>"; };
		E71A938C6AFEA0B669366481 /* Pods-popraviDefektWorkshop.release.xcconfig */ = {isa = PBXFileReference; includeInIndex = 1; lastKnownFileType = text.xcconfig; name = "Pods-popraviDefektWorkshop.release.xcconfig"; path = "Target Support Files/Pods-popraviDefektWorkshop/Pods-popraviDefektWorkshop.release.xcconfig"; sourceTree = "<group>"; };
		F4118DC9258527A400FCA766 /* popraviDefektWorkshop.app */ = {isa = PBXFileReference; explicitFileType = wrapper.application; includeInIndex = 0; path = popraviDefektWorkshop.app; sourceTree = BUILT_PRODUCTS_DIR; };
		F4118DCC258527A400FCA766 /* AppDelegate.swift */ = {isa = PBXFileReference; lastKnownFileType = sourcecode.swift; path = AppDelegate.swift; sourceTree = "<group>"; };
		F4118DCE258527A400FCA766 /* ViewController.swift */ = {isa = PBXFileReference; lastKnownFileType = sourcecode.swift; path = ViewController.swift; sourceTree = "<group>"; };
		F4118DD1258527A400FCA766 /* Base */ = {isa = PBXFileReference; lastKnownFileType = file.storyboard; name = Base; path = Base.lproj/Main.storyboard; sourceTree = "<group>"; };
		F4118DD3258527A900FCA766 /* Assets.xcassets */ = {isa = PBXFileReference; lastKnownFileType = folder.assetcatalog; path = Assets.xcassets; sourceTree = "<group>"; };
		F4118DD6258527A900FCA766 /* Base */ = {isa = PBXFileReference; lastKnownFileType = file.storyboard; name = Base; path = Base.lproj/LaunchScreen.storyboard; sourceTree = "<group>"; };
		F4118DD8258527A900FCA766 /* Info.plist */ = {isa = PBXFileReference; lastKnownFileType = text.plist.xml; path = Info.plist; sourceTree = "<group>"; };
		F4118DDE258671CF00FCA766 /* DefektViewController.swift */ = {isa = PBXFileReference; lastKnownFileType = sourcecode.swift; path = DefektViewController.swift; sourceTree = "<group>"; };
		FF9F6C9B386BE2712F7D21EE /* Pods_popraviDefektWorkshop.framework */ = {isa = PBXFileReference; explicitFileType = wrapper.framework; includeInIndex = 0; path = Pods_popraviDefektWorkshop.framework; sourceTree = BUILT_PRODUCTS_DIR; };
/* End PBXFileReference section */

/* Begin PBXFrameworksBuildPhase section */
		F4118DC6258527A400FCA766 /* Frameworks */ = {
			isa = PBXFrameworksBuildPhase;
			buildActionMask = 2147483647;
			files = (
				BB07D029505451C82416621D /* Pods_popraviDefektWorkshop.framework in Frameworks */,
			);
			runOnlyForDeploymentPostprocessing = 0;
		};
/* End PBXFrameworksBuildPhase section */

/* Begin PBXGroup section */
		21DFB1993DDAD68C35300E97 /* Pods */ = {
			isa = PBXGroup;
			children = (
				8BBC5B697CB3D9386423BC81 /* Pods-popraviDefektWorkshop.debug.xcconfig */,
				E71A938C6AFEA0B669366481 /* Pods-popraviDefektWorkshop.release.xcconfig */,
			);
			path = Pods;
			sourceTree = "<group>";
		};
		E0DAD69FC6B426CC892902AD /* Frameworks */ = {
			isa = PBXGroup;
			children = (
				FF9F6C9B386BE2712F7D21EE /* Pods_popraviDefektWorkshop.framework */,
			);
			name = Frameworks;
			sourceTree = "<group>";
		};
		F4118DC0258527A400FCA766 = {
			isa = PBXGroup;
			children = (
				F4118DCB258527A400FCA766 /* popraviDefektWorkshop */,
				F4118DCA258527A400FCA766 /* Products */,
				21DFB1993DDAD68C35300E97 /* Pods */,
				E0DAD69FC6B426CC892902AD /* Frameworks */,
			);
			sourceTree = "<group>";
		};
		F4118DCA258527A400FCA766 /* Products */ = {
			isa = PBXGroup;
			children = (
				F4118DC9258527A400FCA766 /* popraviDefektWorkshop.app */,
			);
			name = Products;
			sourceTree = "<group>";
		};
		F4118DCB258527A400FCA766 /* popraviDefektWorkshop */ = {
			isa = PBXGroup;
			children = (
				F4118DCC258527A400FCA766 /* AppDelegate.swift */,
				F4118DCE258527A400FCA766 /* ViewController.swift */,
				F4118DD0258527A400FCA766 /* Main.storyboard */,
				F4118DDE258671CF00FCA766 /* DefektViewController.swift */,
				F4118DD3258527A900FCA766 /* Assets.xcassets */,
				F4118DD5258527A900FCA766 /* LaunchScreen.storyboard */,
				F4118DD8258527A900FCA766 /* Info.plist */,
			);
			path = popraviDefektWorkshop;
			sourceTree = "<group>";
		};
/* End PBXGroup section */

/* Begin PBXNativeTarget section */
		F4118DC8258527A400FCA766 /* popraviDefektWorkshop */ = {
			isa = PBXNativeTarget;
			buildConfigurationList = F4118DDB258527A900FCA766 /* Build configuration list for PBXNativeTarget "popraviDefektWorkshop" */;
			buildPhases = (
				484DB90830CE0621AA5FDEAA /* [CP] Check Pods Manifest.lock */,
				F4118DC5258527A400FCA766 /* Sources */,
				F4118DC6258527A400FCA766 /* Frameworks */,
				F4118DC7258527A400FCA766 /* Resources */,
				F5F31D3371459D2CB9D7BBC5 /* [CP] Embed Pods Frameworks */,
			);
			buildRules = (
			);
			dependencies = (
			);
			name = popraviDefektWorkshop;
			productName = popraviDefektWorkshop;
			productReference = F4118DC9258527A400FCA766 /* popraviDefektWorkshop.app */;
			productType = "com.apple.product-type.application";
		};
/* End PBXNativeTarget section */

/* Begin PBXProject section */
		F4118DC1258527A400FCA766 /* Project object */ = {
			isa = PBXProject;
			attributes = {
				LastSwiftUpdateCheck = 1010;
				LastUpgradeCheck = 1010;
				ORGANIZATIONNAME = simona;
				TargetAttributes = {
					F4118DC8258527A400FCA766 = {
						CreatedOnToolsVersion = 10.1;
					};
				};
			};
			buildConfigurationList = F4118DC4258527A400FCA766 /* Build configuration list for PBXProject "popraviDefektWorkshop" */;
			compatibilityVersion = "Xcode 9.3";
			developmentRegion = en;
			hasScannedForEncodings = 0;
			knownRegions = (
				en,
				Base,
			);
			mainGroup = F4118DC0258527A400FCA766;
			productRefGroup = F4118DCA258527A400FCA766 /* Products */;
			projectDirPath = "";
			projectRoot = "";
			targets = (
				F4118DC8258527A400FCA766 /* popraviDefektWorkshop */,
			);
		};
/* End PBXProject section */

/* Begin PBXResourcesBuildPhase section */
		F4118DC7258527A400FCA766 /* Resources */ = {
			isa = PBXResourcesBuildPhase;
			buildActionMask = 2147483647;
			files = (
				F4118DD7258527A900FCA766 /* LaunchScreen.storyboard in Resources */,
				F4118DD4258527A900FCA766 /* Assets.xcassets in Resources */,
				F4118DD2258527A400FCA766 /* Main.storyboard in Resources */,
			);
			runOnlyForDeploymentPostprocessing = 0;
		};
/* End PBXResourcesBuildPhase section */

/* Begin PBXShellScriptBuildPhase section */
		484DB90830CE0621AA5FDEAA /* [CP] Check Pods Manifest.lock */ = {
			isa = PBXShellScriptBuildPhase;
			buildActionMask = 2147483647;
			files = (
			);
			inputFileListPaths = (
			);
			inputPaths = (
				"${PODS_PODFILE_DIR_PATH}/Podfile.lock",
				"${PODS_ROOT}/Manifest.lock",
			);
			name = "[CP] Check Pods Manifest.lock";
			outputFileListPaths = (
			);
			outputPaths = (
				"$(DERIVED_FILE_DIR)/Pods-popraviDefektWorkshop-checkManifestLockResult.txt",
			);
			runOnlyForDeploymentPostprocessing = 0;
			shellPath = /bin/sh;
			shellScript = "diff \"${PODS_PODFILE_DIR_PATH}/Podfile.lock\" \"${PODS_ROOT}/Manifest.lock\" > /dev/null\nif [ $? != 0 ] ; then\n    # print error to STDERR\n    echo \"error: The sandbox is not in sync with the Podfile.lock. Run 'pod install' or update your CocoaPods installation.\" >&2\n    exit 1\nfi\n# This output is used by Xcode 'outputs' to avoid re-running this script phase.\necho \"SUCCESS\" > \"${SCRIPT_OUTPUT_FILE_0}\"\n";
			showEnvVarsInLog = 0;
		};
		F5F31D3371459D2CB9D7BBC5 /* [CP] Embed Pods Frameworks */ = {
			isa = PBXShellScriptBuildPhase;
			buildActionMask = 2147483647;
			files = (
			);
			inputFileListPaths = (
				"${PODS_ROOT}/Target Support Files/Pods-popraviDefektWorkshop/Pods-popraviDefektWorkshop-frameworks-${CONFIGURATION}-input-files.xcfilelist",
			);
			name = "[CP] Embed Pods Frameworks";
			outputFileListPaths = (
				"${PODS_ROOT}/Target Support Files/Pods-popraviDefektWorkshop/Pods-popraviDefektWorkshop-frameworks-${CONFIGURATION}-output-files.xcfilelist",
			);
			runOnlyForDeploymentPostprocessing = 0;
			shellPath = /bin/sh;
			shellScript = "\"${PODS_ROOT}/Target Support Files/Pods-popraviDefektWorkshop/Pods-popraviDefektWorkshop-frameworks.sh\"\n";
			showEnvVarsInLog = 0;
		};
/* End PBXShellScriptBuildPhase section */

/* Begin PBXSourcesBuildPhase section */
		F4118DC5258527A400FCA766 /* Sources */ = {
			isa = PBXSourcesBuildPhase;
			buildActionMask = 2147483647;
			files = (
				F4118DCF258527A400FCA766 /* ViewController.swift in Sources */,
				F4118DCD258527A400FCA766 /* AppDelegate.swift in Sources */,
				F4118DDF258671CF00FCA766 /* DefektViewController.swift in Sources */,
			);
			runOnlyForDeploymentPostprocessing = 0;
		};
/* End PBXSourcesBuildPhase section */

/* Begin PBXVariantGroup section */
		F4118DD0258527A400FCA766 /* Main.storyboard */ = {
			isa = PBXVariantGroup;
			children = (
				F4118DD1258527A400FCA766 /* Base */,
			);
			name = Main.storyboard;
			sourceTree = "<group>";
		};
		F4118DD5258527A900FCA766 /* LaunchScreen.storyboard */ = {
			isa = PBXVariantGroup;
			children = (
				F4118DD6258527A900FCA766 /* Base */,
			);
			name = LaunchScreen.storyboard;
			sourceTree = "<group>";
		};
/* End PBXVariantGroup section */

/* Begin XCBuildConfiguration section */
		F4118DD9258527A900FCA766 /* Debug */ = {
			isa = XCBuildConfiguration;
			buildSettings = {
				ALWAYS_SEARCH_USER_PATHS = NO;
				CLANG_ANALYZER_NONNULL = YES;
				CLANG_ANALYZER_NUMBER_OBJECT_CONVERSION = YES_AGGRESSIVE;
				CLANG_CXX_LANGUAGE_STANDARD = "gnu++14";
				CLANG_CXX_LIBRARY = "libc++";
				CLANG_ENABLE_MODULES = YES;
				CLANG_ENABLE_OBJC_ARC = YES;
				CLANG_ENABLE_OBJC_WEAK = YES;
				CLANG_WARN_BLOCK_CAPTURE_AUTORELEASING = YES;
				CLANG_WARN_BOOL_CONVERSION = YES;
				CLANG_WARN_COMMA = YES;
				CLANG_WARN_CONSTANT_CONVERSION = YES;
				CLANG_WARN_DEPRECATED_OBJC_IMPLEMENTATIONS = YES;
				CLANG_WARN_DIRECT_OBJC_ISA_USAGE = YES_ERROR;
				CLANG_WARN_DOCUMENTATION_COMMENTS = YES;
				CLANG_WARN_EMPTY_BODY = YES;
				CLANG_WARN_ENUM_CONVERSION = YES;
				CLANG_WARN_INFINITE_RECURSION = YES;
				CLANG_WARN_INT_CONVERSION = YES;
				CLANG_WARN_NON_LITERAL_NULL_CONVERSION = YES;
				CLANG_WARN_OBJC_IMPLICIT_RETAIN_SELF = YES;
				CLANG_WARN_OBJC_LITERAL_CONVERSION = YES;
				CLANG_WARN_OBJC_ROOT_CLASS = YES_ERROR;
				CLANG_WARN_RANGE_LOOP_ANALYSIS = YES;
				CLANG_WARN_STRICT_PROTOTYPES = YES;
				CLANG_WARN_SUSPICIOUS_MOVE = YES;
				CLANG_WARN_UNGUARDED_AVAILABILITY = YES_AGGRESSIVE;
				CLANG_WARN_UNREACHABLE_CODE = YES;
				CLANG_WARN__DUPLICATE_METHOD_MATCH = YES;
				CODE_SIGN_IDENTITY = "iPhone Developer";
				COPY_PHASE_STRIP = NO;
				DEBUG_INFORMATION_FORMAT = dwarf;
				ENABLE_STRICT_OBJC_MSGSEND = YES;
				ENABLE_TESTABILITY = YES;
				GCC_C_LANGUAGE_STANDARD = gnu11;
				GCC_DYNAMIC_NO_PIC = NO;
				GCC_NO_COMMON_BLOCKS = YES;
				GCC_OPTIMIZATION_LEVEL = 0;
				GCC_PREPROCESSOR_DEFINITIONS = (
					"DEBUG=1",
					"$(inherited)",
				);
				GCC_WARN_64_TO_32_BIT_CONVERSION = YES;
				GCC_WARN_ABOUT_RETURN_TYPE = YES_ERROR;
				GCC_WARN_UNDECLARED_SELECTOR = YES;
				GCC_WARN_UNINITIALIZED_AUTOS = YES_AGGRESSIVE;
				GCC_WARN_UNUSED_FUNCTION = YES;
				GCC_WARN_UNUSED_VARIABLE = YES;
				IPHONEOS_DEPLOYMENT_TARGET = 12.1;
				MTL_ENABLE_DEBUG_INFO = INCLUDE_SOURCE;
				MTL_FAST_MATH = YES;
				ONLY_ACTIVE_ARCH = YES;
				SDKROOT = iphoneos;
				SWIFT_ACTIVE_COMPILATION_CONDITIONS = DEBUG;
				SWIFT_OPTIMIZATION_LEVEL = "-Onone";
			};
			name = Debug;
		};
		F4118DDA258527A900FCA766 /* Release */ = {
			isa = XCBuildConfiguration;
			buildSettings = {
				ALWAYS_SEARCH_USER_PATHS = NO;
				CLANG_ANALYZER_NONNULL = YES;
				CLANG_ANALYZER_NUMBER_OBJECT_CONVERSION = YES_AGGRESSIVE;
				CLANG_CXX_LANGUAGE_STANDARD = "gnu++14";
				CLANG_CXX_LIBRARY = "libc++";
				CLANG_ENABLE_MODULES = YES;
				CLANG_ENABLE_OBJC_ARC = YES;
				CLANG_ENABLE_OBJC_WEAK = YES;
				CLANG_WARN_BLOCK_CAPTURE_AUTORELEASING = YES;
				CLANG_WARN_BOOL_CONVERSION = YES;
				CLANG_WARN_COMMA = YES;
				CLANG_WARN_CONSTANT_CONVERSION = YES;
				CLANG_WARN_DEPRECATED_OBJC_IMPLEMENTATIONS = YES;
				CLANG_WARN_DIRECT_OBJC_ISA_USAGE = YES_ERROR;
				CLANG_WARN_DOCUMENTATION_COMMENTS = YES;
				CLANG_WARN_EMPTY_BODY = YES;
				CLANG_WARN_ENUM_CONVERSION = YES;
				CLANG_WARN_INFINITE_RECURSION = YES;
				CLANG_WARN_INT_CONVERSION = YES;
				CLANG_WARN_NON_LITERAL_NULL_CONVERSION = YES;
				CLANG_WARN_OBJC_IMPLICIT_RETAIN_SELF = YES;
				CLANG_WARN_OBJC_LITERAL_CONVERSION = YES;
				CLANG_WARN_OBJC_ROOT_CLASS = YES_ERROR;
				CLANG_WARN_RANGE_LOOP_ANALYSIS = YES;
				CLANG_WARN_STRICT_PROTOTYPES = YES;
				CLANG_WARN_SUSPICIOUS_MOVE = YES;
				CLANG_WARN_UNGUARDED_AVAILABILITY = YES_AGGRESSIVE;
				CLANG_WARN_UNREACHABLE_CODE = YES;
				CLANG_WARN__DUPLICATE_METHOD_MATCH = YES;
				CODE_SIGN_IDENTITY = "iPhone Developer";
				COPY_PHASE_STRIP = NO;
				DEBUG_INFORMATION_FORMAT = "dwarf-with-dsym";
				ENABLE_NS_ASSERTIONS = NO;
				ENABLE_STRICT_OBJC_MSGSEND = YES;
				GCC_C_LANGUAGE_STANDARD = gnu11;
				GCC_NO_COMMON_BLOCKS = YES;
				GCC_WARN_64_TO_32_BIT_CONVERSION = YES;
				GCC_WARN_ABOUT_RETURN_TYPE = YES_ERROR;
				GCC_WARN_UNDECLARED_SELECTOR = YES;
				GCC_WARN_UNINITIALIZED_AUTOS = YES_AGGRESSIVE;
				GCC_WARN_UNUSED_FUNCTION = YES;
				GCC_WARN_UNUSED_VARIABLE = YES;
				IPHONEOS_DEPLOYMENT_TARGET = 12.1;
				MTL_ENABLE_DEBUG_INFO = NO;
				MTL_FAST_MATH = YES;
				SDKROOT = iphoneos;
				SWIFT_COMPILATION_MODE = wholemodule;
				SWIFT_OPTIMIZATION_LEVEL = "-O";
				VALIDATE_PRODUCT = YES;
			};
			name = Release;
		};
		F4118DDC258527A900FCA766 /* Debug */ = {
			isa = XCBuildConfiguration;
			baseConfigurationReference = 8BBC5B697CB3D9386423BC81 /* Pods-popraviDefektWorkshop.debug.xcconfig */;
			buildSettings = {
				ASSETCATALOG_COMPILER_APPICON_NAME = AppIcon;
				CODE_SIGN_STYLE = Automatic;
				INFOPLIST_FILE = popraviDefektWorkshop/Info.plist;
				LD_RUNPATH_SEARCH_PATHS = (
					"$(inherited)",
					"@executable_path/Frameworks",
				);
				PRODUCT_BUNDLE_IDENTIFIER = amu.popraviDefektWorkshop;
				PRODUCT_NAME = "$(TARGET_NAME)";
				SWIFT_VERSION = 4.2;
				TARGETED_DEVICE_FAMILY = "1,2";
			};
			name = Debug;
		};
		F4118DDD258527A900FCA766 /* Release */ = {
			isa = XCBuildConfiguration;
			baseConfigurationReference = E71A938C6AFEA0B669366481 /* Pods-popraviDefektWorkshop.release.xcconfig */;
			buildSettings = {
				ASSETCATALOG_COMPILER_APPICON_NAME = AppIcon;
				CODE_SIGN_STYLE = Automatic;
				INFOPLIST_FILE = popraviDefektWorkshop/Info.plist;
				LD_RUNPATH_SEARCH_PATHS = (
					"$(inherited)",
					"@executable_path/Frameworks",
				);
				PRODUCT_BUNDLE_IDENTIFIER = amu.popraviDefektWorkshop;
				PRODUCT_NAME = "$(TARGET_NAME)";
				SWIFT_VERSION = 4.2;
				TARGETED_DEVICE_FAMILY = "1,2";
			};
			name = Release;
		};
/* End XCBuildConfiguration section */

/* Begin XCConfigurationList section */
		F4118DC4258527A400FCA766 /* Build configuration list for PBXProject "popraviDefektWorkshop" */ = {
			isa = XCConfigurationList;
			buildConfigurations = (
				F4118DD9258527A900FCA766 /* Debug */,
				F4118DDA258527A900FCA766 /* Release */,
			);
			defaultConfigurationIsVisible = 0;
			defaultConfigurationName = Release;
		};
		F4118DDB258527A900FCA766 /* Build configuration list for PBXNativeTarget "popraviDefektWorkshop" */ = {
			isa = XCConfigurationList;
			buildConfigurations = (
				F4118DDC258527A900FCA766 /* Debug */,
				F4118DDD258527A900FCA766 /* Release */,
			);
			defaultConfigurationIsVisible = 0;
			defaultConfigurationName = Release;
		};
/* End XCConfigurationList section */
	};
	rootObject = F4118DC1258527A400FCA766 /* Project object */;
}
